
Microsoft Visual Studio Solution File, Format Version 12.00
# Visual Studio 15
VisualStudioVersion = 15.0.27428.2015
MinimumVisualStudioVersion = 10.0.40219.1
Project("{E24C65DC-7377-472B-9ABA-BC803B73C61A}") = "jQuery", ".", "{E4358A5E-9F19-43AC-95D0-F4B19B8FC373}"
	ProjectSection(WebsiteProperties) = preProject
		TargetFrameworkMoniker = ".NETFramework,Version%3Dv4.0"
		Debug.AspNetCompiler.VirtualPath = "/localhost_59611"
		Debug.AspNetCompiler.PhysicalPath = "..\jQuery\"
		Debug.AspNetCompiler.TargetPath = "PrecompiledWeb\localhost_59611\"
		Debug.AspNetCompiler.Updateable = "true"
		Debug.AspNetCompiler.ForceOverwrite = "true"
		Debug.AspNetCompiler.FixedNames = "false"
		Debug.AspNetCompiler.Debug = "True"
		Release.AspNetCompiler.VirtualPath = "/localhost_59611"
		Release.AspNetCompiler.PhysicalPath = "..\jQuery\"
		Release.AspNetCompiler.TargetPath = "PrecompiledWeb\localhost_59611\"
		Release.AspNetCompiler.Updateable = "true"
		Release.AspNetCompiler.ForceOverwrite = "true"
		Release.AspNetCompiler.FixedNames = "false"
		Release.AspNetCompiler.Debug = "False"
		VWDPort = "59611"
		SlnRelativePath = "..\jQuery\"
	EndProjectSection
EndProject
Global
	GlobalSection(SolutionConfigurationPlatforms) = preSolution
		Debug|Any CPU = Debug|Any CPU
	EndGlobalSection
	GlobalSection(ProjectConfigurationPlatforms) = postSolution
		{E4358A5E-9F19-43AC-95D0-F4B19B8FC373}.Debug|Any CPU.ActiveCfg = Debug|Any CPU
		{E4358A5E-9F19-43AC-95D0-F4B19B8FC373}.Debug|Any CPU.Build.0 = Debug|Any CPU
	EndGlobalSection
	GlobalSection(SolutionProperties) = preSolution
		HideSolutionNode = FALSE
	EndGlobalSection
	GlobalSection(ExtensibilityGlobals) = postSolution
		SolutionGuid = {C4C088FD-FFF0-4D39-B788-ECAF77EF9DC9}
	EndGlobalSection
EndGlobal
